// !$*UTF8*$!
{
	archiveVersion = 1;
	classes = {
	};
	objectVersion = 56;
	objects = {

/* Begin PBXBuildFile section */
		100000000000000000000001 /* PVEViewerApp.swift in Sources */ = {isa = PBXBuildFile; fileRef = 200000000000000000000001 /* PVEViewerApp.swift */; };
		100000000000000000000002 /* ProxmoxInstance.swift in Sources */ = {isa = PBXBuildFile; fileRef = 200000000000000000000002 /* ProxmoxInstance.swift */; };
		100000000000000000000003 /* InstanceStore.swift in Sources */ = {isa = PBXBuildFile; fileRef = 200000000000000000000003 /* InstanceStore.swift */; };
		100000000000000000000004 /* URLNormalizer.swift in Sources */ = {isa = PBXBuildFile; fileRef = 200000000000000000000004 /* URLNormalizer.swift */; };
		100000000000000000000005 /* StatusProbeService.swift in Sources */ = {isa = PBXBuildFile; fileRef = 200000000000000000000005 /* StatusProbeService.swift */; };
		100000000000000000000006 /* ContentView.swift in Sources */ = {isa = PBXBuildFile; fileRef = 200000000000000000000006 /* ContentView.swift */; };
		100000000000000000000007 /* InstanceSidebarView.swift in Sources */ = {isa = PBXBuildFile; fileRef = 200000000000000000000007 /* InstanceSidebarView.swift */; };
		100000000000000000000008 /* InstanceFormView.swift in Sources */ = {isa = PBXBuildFile; fileRef = 200000000000000000000008 /* InstanceFormView.swift */; };
		100000000000000000000009 /* ProxmoxWebView.swift in Sources */ = {isa = PBXBuildFile; fileRef = 200000000000000000000009 /* ProxmoxWebView.swift */; };
		100000000000000000000010 /* Assets.xcassets in Resources */ = {isa = PBXBuildFile; fileRef = 200000000000000000000010 /* Assets.xcassets */; };
		100000000000000000000011 /* URLNormalizerTests.swift in Sources */ = {isa = PBXBuildFile; fileRef = 200000000000000000000011 /* URLNormalizerTests.swift */; };
		100000000000000000000012 /* InstanceStoreTests.swift in Sources */ = {isa = PBXBuildFile; fileRef = 200000000000000000000012 /* InstanceStoreTests.swift */; };
		100000000000000000000013 /* StatusProbeServiceTests.swift in Sources */ = {isa = PBXBuildFile; fileRef = 200000000000000000000013 /* StatusProbeServiceTests.swift */; };
		100000000000000000000014 /* ProxmoxAPIModels.swift in Sources */ = {isa = PBXBuildFile; fileRef = 200000000000000000000017 /* ProxmoxAPIModels.swift */; };
		100000000000000000000015 /* ProxmoxDashboardStore.swift in Sources */ = {isa = PBXBuildFile; fileRef = 200000000000000000000018 /* ProxmoxDashboardStore.swift */; };
		100000000000000000000016 /* ProxmoxAppController.swift in Sources */ = {isa = PBXBuildFile; fileRef = 200000000000000000000019 /* ProxmoxAppController.swift */; };
		100000000000000000000017 /* AppLocalTokenStore.swift in Sources */ = {isa = PBXBuildFile; fileRef = 200000000000000000000020 /* AppLocalTokenStore.swift */; };
		100000000000000000000018 /* ProxmoxAPIService.swift in Sources */ = {isa = PBXBuildFile; fileRef = 200000000000000000000021 /* ProxmoxAPIService.swift */; };
		100000000000000000000020 /* ResourcesPanelView.swift in Sources */ = {isa = PBXBuildFile; fileRef = 200000000000000000000023 /* ResourcesPanelView.swift */; };
		100000000000000000000021 /* ProxmoxMenuBarView.swift in Sources */ = {isa = PBXBuildFile; fileRef = 200000000000000000000024 /* ProxmoxMenuBarView.swift */; };
		100000000000000000000022 /* ProxmoxAPIServiceTests.swift in Sources */ = {isa = PBXBuildFile; fileRef = 200000000000000000000025 /* ProxmoxAPIServiceTests.swift */; };
		100000000000000000000023 /* AppLocalTokenStoreTests.swift in Sources */ = {isa = PBXBuildFile; fileRef = 200000000000000000000026 /* AppLocalTokenStoreTests.swift */; };
		100000000000000000000024 /* ProxmoxAPIModelsTests.swift in Sources */ = {isa = PBXBuildFile; fileRef = 200000000000000000000027 /* ProxmoxAPIModelsTests.swift */; };
		100000000000000000000025 /* ProxmoxServerValidationService.swift in Sources */ = {isa = PBXBuildFile; fileRef = 200000000000000000000028 /* ProxmoxServerValidationService.swift */; };
		100000000000000000000026 /* ProxmoxServerValidationServiceTests.swift in Sources */ = {isa = PBXBuildFile; fileRef = 200000000000000000000029 /* ProxmoxServerValidationServiceTests.swift */; };
/* End PBXBuildFile section */

/* Begin PBXContainerItemProxy section */
		300000000000000000000001 /* PBXContainerItemProxy */ = {
			isa = PBXContainerItemProxy;
			containerPortal = 400000000000000000000001 /* Project object */;
			proxyType = 1;
			remoteGlobalIDString = 500000000000000000000001;
			remoteInfo = PVEViewer;
		};
/* End PBXContainerItemProxy section */

/* Begin PBXFileReference section */
		200000000000000000000001 /* PVEViewerApp.swift */ = {isa = PBXFileReference; lastKnownFileType = sourcecode.swift; path = PVEViewerApp.swift; sourceTree = "<group>"; };
		200000000000000000000002 /* ProxmoxInstance.swift */ = {isa = PBXFileReference; lastKnownFileType = sourcecode.swift; path = ProxmoxInstance.swift; sourceTree = "<group>"; };
		200000000000000000000003 /* InstanceStore.swift */ = {isa = PBXFileReference; lastKnownFileType = sourcecode.swift; path = InstanceStore.swift; sourceTree = "<group>"; };
		200000000000000000000004 /* URLNormalizer.swift */ = {isa = PBXFileReference; lastKnownFileType = sourcecode.swift; path = URLNormalizer.swift; sourceTree = "<group>"; };
		200000000000000000000005 /* StatusProbeService.swift */ = {isa = PBXFileReference; lastKnownFileType = sourcecode.swift; path = StatusProbeService.swift; sourceTree = "<group>"; };
		200000000000000000000006 /* ContentView.swift */ = {isa = PBXFileReference; lastKnownFileType = sourcecode.swift; path = ContentView.swift; sourceTree = "<group>"; };
		200000000000000000000007 /* InstanceSidebarView.swift */ = {isa = PBXFileReference; lastKnownFileType = sourcecode.swift; path = InstanceSidebarView.swift; sourceTree = "<group>"; };
		200000000000000000000008 /* InstanceFormView.swift */ = {isa = PBXFileReference; lastKnownFileType = sourcecode.swift; path = InstanceFormView.swift; sourceTree = "<group>"; };
		200000000000000000000009 /* ProxmoxWebView.swift */ = {isa = PBXFileReference; lastKnownFileType = sourcecode.swift; path = ProxmoxWebView.swift; sourceTree = "<group>"; };
		200000000000000000000010 /* Assets.xcassets */ = {isa = PBXFileReference; lastKnownFileType = folder.assetcatalog; path = Assets.xcassets; sourceTree = "<group>"; };
		200000000000000000000011 /* URLNormalizerTests.swift */ = {isa = PBXFileReference; lastKnownFileType = sourcecode.swift; path = URLNormalizerTests.swift; sourceTree = "<group>"; };
		200000000000000000000012 /* InstanceStoreTests.swift */ = {isa = PBXFileReference; lastKnownFileType = sourcecode.swift; path = InstanceStoreTests.swift; sourceTree = "<group>"; };
		200000000000000000000013 /* StatusProbeServiceTests.swift */ = {isa = PBXFileReference; lastKnownFileType = sourcecode.swift; path = StatusProbeServiceTests.swift; sourceTree = "<group>"; };
		200000000000000000000014 /* PVE Viewer.app */ = {isa = PBXFileReference; explicitFileType = wrapper.application; includeInIndex = 0; path = "PVE Viewer.app"; sourceTree = BUILT_PRODUCTS_DIR; };
		200000000000000000000015 /* PVEViewerTests.xctest */ = {isa = PBXFileReference; explicitFileType = wrapper.cfbundle; includeInIndex = 0; path = PVEViewerTests.xctest; sourceTree = BUILT_PRODUCTS_DIR; };
		200000000000000000000016 /* Info.plist */ = {isa = PBXFileReference; lastKnownFileType = text.plist.xml; path = Info.plist; sourceTree = "<group>"; };
		200000000000000000000017 /* ProxmoxAPIModels.swift */ = {isa = PBXFileReference; lastKnownFileType = sourcecode.swift; path = ProxmoxAPIModels.swift; sourceTree = "<group>"; };
		200000000000000000000018 /* ProxmoxDashboardStore.swift */ = {isa = PBXFileReference; lastKnownFileType = sourcecode.swift; path = ProxmoxDashboardStore.swift; sourceTree = "<group>"; };
		200000000000000000000019 /* ProxmoxAppController.swift */ = {isa = PBXFileReference; lastKnownFileType = sourcecode.swift; path = ProxmoxAppController.swift; sourceTree = "<group>"; };
		200000000000000000000020 /* AppLocalTokenStore.swift */ = {isa = PBXFileReference; lastKnownFileType = sourcecode.swift; path = AppLocalTokenStore.swift; sourceTree = "<group>"; };
		200000000000000000000021 /* ProxmoxAPIService.swift */ = {isa = PBXFileReference; lastKnownFileType = sourcecode.swift; path = ProxmoxAPIService.swift; sourceTree = "<group>"; };
		200000000000000000000023 /* ResourcesPanelView.swift */ = {isa = PBXFileReference; lastKnownFileType = sourcecode.swift; path = ResourcesPanelView.swift; sourceTree = "<group>"; };
		200000000000000000000024 /* ProxmoxMenuBarView.swift */ = {isa = PBXFileReference; lastKnownFileType = sourcecode.swift; path = ProxmoxMenuBarView.swift; sourceTree = "<group>"; };
		200000000000000000000025 /* ProxmoxAPIServiceTests.swift */ = {isa = PBXFileReference; lastKnownFileType = sourcecode.swift; path = ProxmoxAPIServiceTests.swift; sourceTree = "<group>"; };
		200000000000000000000026 /* AppLocalTokenStoreTests.swift */ = {isa = PBXFileReference; lastKnownFileType = sourcecode.swift; path = AppLocalTokenStoreTests.swift; sourceTree = "<group>"; };
		200000000000000000000027 /* ProxmoxAPIModelsTests.swift */ = {isa = PBXFileReference; lastKnownFileType = sourcecode.swift; path = ProxmoxAPIModelsTests.swift; sourceTree = "<group>"; };
		200000000000000000000028 /* ProxmoxServerValidationService.swift */ = {isa = PBXFileReference; lastKnownFileType = sourcecode.swift; path = ProxmoxServerValidationService.swift; sourceTree = "<group>"; };
		200000000000000000000029 /* ProxmoxServerValidationServiceTests.swift */ = {isa = PBXFileReference; lastKnownFileType = sourcecode.swift; path = ProxmoxServerValidationServiceTests.swift; sourceTree = "<group>"; };
/* End PBXFileReference section */

/* Begin PBXFrameworksBuildPhase section */
		600000000000000000000001 /* Frameworks */ = {
			isa = PBXFrameworksBuildPhase;
			buildActionMask = 2147483647;
			files = (
			);
			runOnlyForDeploymentPostprocessing = 0;
		};
		600000000000000000000002 /* Frameworks */ = {
			isa = PBXFrameworksBuildPhase;
			buildActionMask = 2147483647;
			files = (
			);
			runOnlyForDeploymentPostprocessing = 0;
		};
/* End PBXFrameworksBuildPhase section */

/* Begin PBXGroup section */
		700000000000000000000001 = {
			isa = PBXGroup;
			children = (
				700000000000000000000002 /* App */,
				700000000000000000000003 /* Models */,
				700000000000000000000004 /* Stores */,
				700000000000000000000005 /* Services */,
				700000000000000000000006 /* Views */,
				700000000000000000000007 /* Resources */,
				700000000000000000000008 /* PVEViewerTests */,
				700000000000000000000009 /* Products */,
			);
			sourceTree = "<group>";
		};
		700000000000000000000002 /* App */ = {
			isa = PBXGroup;
			children = (
				200000000000000000000001 /* PVEViewerApp.swift */,
			);
			path = App;
			sourceTree = "<group>";
		};
		700000000000000000000003 /* Models */ = {
			isa = PBXGroup;
			children = (
				200000000000000000000002 /* ProxmoxInstance.swift */,
				200000000000000000000017 /* ProxmoxAPIModels.swift */,
			);
			path = Models;
			sourceTree = "<group>";
		};
		700000000000000000000004 /* Stores */ = {
			isa = PBXGroup;
			children = (
				200000000000000000000003 /* InstanceStore.swift */,
				200000000000000000000018 /* ProxmoxDashboardStore.swift */,
				200000000000000000000019 /* ProxmoxAppController.swift */,
			);
			path = Stores;
			sourceTree = "<group>";
		};
		700000000000000000000005 /* Services */ = {
			isa = PBXGroup;
			children = (
				200000000000000000000004 /* URLNormalizer.swift */,
				200000000000000000000005 /* StatusProbeService.swift */,
				200000000000000000000020 /* AppLocalTokenStore.swift */,
				200000000000000000000021 /* ProxmoxAPIService.swift */,
				200000000000000000000028 /* ProxmoxServerValidationService.swift */,
			);
			path = Services;
			sourceTree = "<group>";
		};
		700000000000000000000006 /* Views */ = {
			isa = PBXGroup;
			children = (
				200000000000000000000006 /* ContentView.swift */,
				200000000000000000000007 /* InstanceSidebarView.swift */,
				200000000000000000000008 /* InstanceFormView.swift */,
				200000000000000000000009 /* ProxmoxWebView.swift */,
				200000000000000000000023 /* ResourcesPanelView.swift */,
				200000000000000000000024 /* ProxmoxMenuBarView.swift */,
			);
			path = Views;
			sourceTree = "<group>";
		};
		700000000000000000000007 /* Resources */ = {
			isa = PBXGroup;
			children = (
				200000000000000000000016 /* Info.plist */,
				200000000000000000000010 /* Assets.xcassets */,
			);
			path = Resources;
			sourceTree = "<group>";
		};
		700000000000000000000008 /* PVEViewerTests */ = {
			isa = PBXGroup;
			children = (
				200000000000000000000011 /* URLNormalizerTests.swift */,
				200000000000000000000012 /* InstanceStoreTests.swift */,
				200000000000000000000013 /* StatusProbeServiceTests.swift */,
				200000000000000000000025 /* ProxmoxAPIServiceTests.swift */,
				200000000000000000000026 /* AppLocalTokenStoreTests.swift */,
				200000000000000000000027 /* ProxmoxAPIModelsTests.swift */,
				200000000000000000000029 /* ProxmoxServerValidationServiceTests.swift */,
			);
			path = PVEViewerTests;
			sourceTree = "<group>";
		};
		700000000000000000000009 /* Products */ = {
			isa = PBXGroup;
			children = (
				200000000000000000000014 /* PVE Viewer.app */,
				200000000000000000000015 /* PVEViewerTests.xctest */,
			);
			name = Products;
			sourceTree = "<group>";
		};
/* End PBXGroup section */

/* Begin PBXNativeTarget section */
		500000000000000000000001 /* PVEViewer */ = {
			isa = PBXNativeTarget;
			buildConfigurationList = 800000000000000000000001 /* Build configuration list for PBXNativeTarget "PVEViewer" */;
			buildPhases = (
				900000000000000000000001 /* Sources */,
				600000000000000000000001 /* Frameworks */,
				900000000000000000000002 /* Resources */,
			);
			buildRules = (
			);
			dependencies = (
			);
			name = PVEViewer;
			productName = PVEViewer;
			productReference = 200000000000000000000014 /* PVE Viewer.app */;
			productType = "com.apple.product-type.application";
		};
		500000000000000000000002 /* PVEViewerTests */ = {
			isa = PBXNativeTarget;
			buildConfigurationList = 800000000000000000000002 /* Build configuration list for PBXNativeTarget "PVEViewerTests" */;
			buildPhases = (
				900000000000000000000003 /* Sources */,
				600000000000000000000002 /* Frameworks */,
				900000000000000000000004 /* Resources */,
			);
			buildRules = (
			);
			dependencies = (
				300000000000000000000002 /* PBXTargetDependency */,
			);
			name = PVEViewerTests;
			productName = PVEViewerTests;
			productReference = 200000000000000000000015 /* PVEViewerTests.xctest */;
			productType = "com.apple.product-type.bundle.unit-test";
		};
/* End PBXNativeTarget section */

/* Begin PBXProject section */
		400000000000000000000001 /* Project object */ = {
			isa = PBXProject;
			attributes = {
				BuildIndependentTargetsInParallel = 1;
				LastSwiftUpdateCheck = 1600;
				LastUpgradeCheck = 1600;
				TargetAttributes = {
					500000000000000000000001 = {
						CreatedOnToolsVersion = 16.0;
					};
					500000000000000000000002 = {
						CreatedOnToolsVersion = 16.0;
						TestTargetID = 500000000000000000000001;
					};
				};
			};
			buildConfigurationList = 800000000000000000000003 /* Build configuration list for PBXProject "PVEViewer" */;
			compatibilityVersion = "Xcode 14.0";
			developmentRegion = en;
			hasScannedForEncodings = 0;
			knownRegions = (
				en,
				Base,
			);
			mainGroup = 700000000000000000000001;
			productRefGroup = 700000000000000000000009 /* Products */;
			projectDirPath = "";
			projectRoot = "";
			targets = (
				500000000000000000000001 /* PVEViewer */,
				500000000000000000000002 /* PVEViewerTests */,
			);
		};
/* End PBXProject section */

/* Begin PBXResourcesBuildPhase section */
		900000000000000000000002 /* Resources */ = {
			isa = PBXResourcesBuildPhase;
			buildActionMask = 2147483647;
			files = (
				100000000000000000000010 /* Assets.xcassets in Resources */,
			);
			runOnlyForDeploymentPostprocessing = 0;
		};
		900000000000000000000004 /* Resources */ = {
			isa = PBXResourcesBuildPhase;
			buildActionMask = 2147483647;
			files = (
			);
			runOnlyForDeploymentPostprocessing = 0;
		};
/* End PBXResourcesBuildPhase section */

/* Begin PBXSourcesBuildPhase section */
		900000000000000000000001 /* Sources */ = {
			isa = PBXSourcesBuildPhase;
			buildActionMask = 2147483647;
			files = (
				100000000000000000000001 /* PVEViewerApp.swift in Sources */,
				100000000000000000000002 /* ProxmoxInstance.swift in Sources */,
				100000000000000000000014 /* ProxmoxAPIModels.swift in Sources */,
				100000000000000000000003 /* InstanceStore.swift in Sources */,
				100000000000000000000015 /* ProxmoxDashboardStore.swift in Sources */,
				100000000000000000000016 /* ProxmoxAppController.swift in Sources */,
				100000000000000000000004 /* URLNormalizer.swift in Sources */,
				100000000000000000000005 /* StatusProbeService.swift in Sources */,
				100000000000000000000017 /* AppLocalTokenStore.swift in Sources */,
				100000000000000000000018 /* ProxmoxAPIService.swift in Sources */,
				100000000000000000000025 /* ProxmoxServerValidationService.swift in Sources */,
				100000000000000000000006 /* ContentView.swift in Sources */,
				100000000000000000000007 /* InstanceSidebarView.swift in Sources */,
				100000000000000000000008 /* InstanceFormView.swift in Sources */,
				100000000000000000000009 /* ProxmoxWebView.swift in Sources */,
				100000000000000000000020 /* ResourcesPanelView.swift in Sources */,
				100000000000000000000021 /* ProxmoxMenuBarView.swift in Sources */,
			);
			runOnlyForDeploymentPostprocessing = 0;
		};
		900000000000000000000003 /* Sources */ = {
			isa = PBXSourcesBuildPhase;
			buildActionMask = 2147483647;
			files = (
				100000000000000000000011 /* URLNormalizerTests.swift in Sources */,
				100000000000000000000012 /* InstanceStoreTests.swift in Sources */,
				100000000000000000000013 /* StatusProbeServiceTests.swift in Sources */,
				100000000000000000000022 /* ProxmoxAPIServiceTests.swift in Sources */,
				100000000000000000000023 /* AppLocalTokenStoreTests.swift in Sources */,
				100000000000000000000024 /* ProxmoxAPIModelsTests.swift in Sources */,
				100000000000000000000026 /* ProxmoxServerValidationServiceTests.swift in Sources */,
			);
			runOnlyForDeploymentPostprocessing = 0;
		};
/* End PBXSourcesBuildPhase section */

/* Begin PBXTargetDependency section */
		300000000000000000000002 /* PBXTargetDependency */ = {
			isa = PBXTargetDependency;
			target = 500000000000000000000001 /* PVEViewer */;
			targetProxy = 300000000000000000000001 /* PBXContainerItemProxy */;
		};
/* End PBXTargetDependency section */

/* Begin XCBuildConfiguration section */
		A00000000000000000000001 /* Debug */ = {
			isa = XCBuildConfiguration;
			buildSettings = {
				ALWAYS_SEARCH_USER_PATHS = NO;
				CLANG_ANALYZER_NONNULL = YES;
				CLANG_ANALYZER_NUMBER_OBJECT_CONVERSION = YES_AGGRESSIVE;
				CLANG_CXX_LANGUAGE_STANDARD = "gnu++20";
				CLANG_ENABLE_MODULES = YES;
				CLANG_ENABLE_OBJC_ARC = YES;
				CLANG_ENABLE_OBJC_WEAK = YES;
				CLANG_WARN_BLOCK_CAPTURE_AUTORELEASING = YES;
				CLANG_WARN_BOOL_CONVERSION = YES;
				CLANG_WARN_COMMA = YES;
				CLANG_WARN_CONSTANT_CONVERSION = YES;
				CLANG_WARN_DEPRECATED_OBJC_IMPLEMENTATIONS = YES;
				CLANG_WARN_DIRECT_OBJC_ISA_USAGE = YES_ERROR;
				CLANG_WARN_DOCUMENTATION_COMMENTS = YES;
				CLANG_WARN_EMPTY_BODY = YES;
				CLANG_WARN_ENUM_CONVERSION = YES;
				CLANG_WARN_INFINITE_RECURSION = YES;
				CLANG_WARN_INT_CONVERSION = YES;
				CLANG_WARN_NON_LITERAL_NULL_CONVERSION = YES;
				CLANG_WARN_OBJC_IMPLICIT_RETAIN_SELF = YES;
				CLANG_WARN_OBJC_LITERAL_CONVERSION = YES;
				CLANG_WARN_OBJC_ROOT_CLASS = YES_ERROR;
				CLANG_WARN_QUOTED_INCLUDE_IN_FRAMEWORK_HEADER = YES;
				CLANG_WARN_RANGE_LOOP_ANALYSIS = YES;
				CLANG_WARN_STRICT_PROTOTYPES = YES;
				CLANG_WARN_SUSPICIOUS_MOVE = YES;
				CLANG_WARN_UNGUARDED_AVAILABILITY = YES_AGGRESSIVE;
				CLANG_WARN_UNREACHABLE_CODE = YES;
				CLANG_WARN__DUPLICATE_METHOD_MATCH = YES;
				COPY_PHASE_STRIP = NO;
				DEBUG_INFORMATION_FORMAT = dwarf;
				ENABLE_STRICT_OBJC_MSGSEND = YES;
				ENABLE_TESTABILITY = YES;
				ENABLE_USER_SCRIPT_SANDBOXING = YES;
				GCC_C_LANGUAGE_STANDARD = gnu17;
				GCC_DYNAMIC_NO_PIC = NO;
				GCC_NO_COMMON_BLOCKS = YES;
				GCC_OPTIMIZATION_LEVEL = 0;
				GCC_PREPROCESSOR_DEFINITIONS = (
					"DEBUG=1",
					"$(inherited)",
				);
				GCC_WARN_64_TO_32_BIT_CONVERSION = YES;
				GCC_WARN_ABOUT_RETURN_TYPE = YES_ERROR;
				GCC_WARN_UNDECLARED_SELECTOR = YES;
				GCC_WARN_UNINITIALIZED_AUTOS = YES_AGGRESSIVE;
				GCC_WARN_UNUSED_FUNCTION = YES;
				GCC_WARN_UNUSED_VARIABLE = YES;
				MACOSX_DEPLOYMENT_TARGET = 13.0;
				MTL_ENABLE_DEBUG_INFO = INCLUDE_SOURCE;
				MTL_FAST_MATH = YES;
				ONLY_ACTIVE_ARCH = YES;
				SDKROOT = macosx;
				SWIFT_ACTIVE_COMPILATION_CONDITIONS = DEBUG;
				SWIFT_OPTIMIZATION_LEVEL = "-Onone";
			};
			name = Debug;
		};
		A00000000000000000000002 /* Release */ = {
			isa = XCBuildConfiguration;
			buildSettings = {
				ALWAYS_SEARCH_USER_PATHS = NO;
				CLANG_ANALYZER_NONNULL = YES;
				CLANG_ANALYZER_NUMBER_OBJECT_CONVERSION = YES_AGGRESSIVE;
				CLANG_CXX_LANGUAGE_STANDARD = "gnu++20";
				CLANG_ENABLE_MODULES = YES;
				CLANG_ENABLE_OBJC_ARC = YES;
				CLANG_ENABLE_OBJC_WEAK = YES;
				CLANG_WARN_BLOCK_CAPTURE_AUTORELEASING = YES;
				CLANG_WARN_BOOL_CONVERSION = YES;
				CLANG_WARN_COMMA = YES;
				CLANG_WARN_CONSTANT_CONVERSION = YES;
				CLANG_WARN_DEPRECATED_OBJC_IMPLEMENTATIONS = YES;
				CLANG_WARN_DIRECT_OBJC_ISA_USAGE = YES_ERROR;
				CLANG_WARN_DOCUMENTATION_COMMENTS = YES;
				CLANG_WARN_EMPTY_BODY = YES;
				CLANG_WARN_ENUM_CONVERSION = YES;
				CLANG_WARN_INFINITE_RECURSION = YES;
				CLANG_WARN_INT_CONVERSION = YES;
				CLANG_WARN_NON_LITERAL_NULL_CONVERSION = YES;
				CLANG_WARN_OBJC_IMPLICIT_RETAIN_SELF = YES;
				CLANG_WARN_OBJC_LITERAL_CONVERSION = YES;
				CLANG_WARN_OBJC_ROOT_CLASS = YES_ERROR;
				CLANG_WARN_QUOTED_INCLUDE_IN_FRAMEWORK_HEADER = YES;
				CLANG_WARN_RANGE_LOOP_ANALYSIS = YES;
				CLANG_WARN_STRICT_PROTOTYPES = YES;
				CLANG_WARN_SUSPICIOUS_MOVE = YES;
				CLANG_WARN_UNGUARDED_AVAILABILITY = YES_AGGRESSIVE;
				CLANG_WARN_UNREACHABLE_CODE = YES;
				CLANG_WARN__DUPLICATE_METHOD_MATCH = YES;
				COPY_PHASE_STRIP = NO;
				DEBUG_INFORMATION_FORMAT = "dwarf-with-dsym";
				ENABLE_NS_ASSERTIONS = NO;
				ENABLE_STRICT_OBJC_MSGSEND = YES;
				ENABLE_USER_SCRIPT_SANDBOXING = YES;
				GCC_C_LANGUAGE_STANDARD = gnu17;
				GCC_NO_COMMON_BLOCKS = YES;
				GCC_WARN_64_TO_32_BIT_CONVERSION = YES;
				GCC_WARN_ABOUT_RETURN_TYPE = YES_ERROR;
				GCC_WARN_UNDECLARED_SELECTOR = YES;
				GCC_WARN_UNINITIALIZED_AUTOS = YES_AGGRESSIVE;
				GCC_WARN_UNUSED_FUNCTION = YES;
				GCC_WARN_UNUSED_VARIABLE = YES;
				MACOSX_DEPLOYMENT_TARGET = 13.0;
				MTL_ENABLE_DEBUG_INFO = NO;
				MTL_FAST_MATH = YES;
				SDKROOT = macosx;
				SWIFT_COMPILATION_MODE = wholemodule;
				SWIFT_OPTIMIZATION_LEVEL = "-O";
			};
			name = Release;
		};
		A00000000000000000000003 /* Debug */ = {
			isa = XCBuildConfiguration;
			buildSettings = {
				ASSETCATALOG_COMPILER_ACCENT_COLOR_NAME = AccentColor;
				ASSETCATALOG_COMPILER_APPICON_NAME = AppIcon;
				CODE_SIGN_IDENTITY = "-";
				CODE_SIGN_STYLE = Manual;
				CURRENT_PROJECT_VERSION = 1;
				DEFINES_MODULE = YES;
				DEVELOPMENT_ASSET_PATHS = "";
				ENABLE_HARDENED_RUNTIME = YES;
				INFOPLIST_FILE = Resources/Info.plist;
				LD_RUNPATH_SEARCH_PATHS = (
					"$(inherited)",
					"@executable_path/../Frameworks",
				);
				MARKETING_VERSION = 0.1.0;
				PRODUCT_BUNDLE_IDENTIFIER = com.patricklenis.pveviewer;
				PRODUCT_MODULE_NAME = PVEViewer;
				PRODUCT_NAME = "PVE Viewer";
				SWIFT_VERSION = 5.0;
			};
			name = Debug;
		};
		A00000000000000000000004 /* Release */ = {
			isa = XCBuildConfiguration;
			buildSettings = {
				ASSETCATALOG_COMPILER_ACCENT_COLOR_NAME = AccentColor;
				ASSETCATALOG_COMPILER_APPICON_NAME = AppIcon;
				CODE_SIGN_IDENTITY = "-";
				CODE_SIGN_STYLE = Manual;
				CURRENT_PROJECT_VERSION = 1;
				DEFINES_MODULE = YES;
				DEVELOPMENT_ASSET_PATHS = "";
				ENABLE_HARDENED_RUNTIME = YES;
				INFOPLIST_FILE = Resources/Info.plist;
				LD_RUNPATH_SEARCH_PATHS = (
					"$(inherited)",
					"@executable_path/../Frameworks",
				);
				MARKETING_VERSION = 0.1.0;
				PRODUCT_BUNDLE_IDENTIFIER = com.patricklenis.pveviewer;
				PRODUCT_MODULE_NAME = PVEViewer;
				PRODUCT_NAME = "PVE Viewer";
				SWIFT_VERSION = 5.0;
			};
			name = Release;
		};
		A00000000000000000000005 /* Debug */ = {
			isa = XCBuildConfiguration;
			buildSettings = {
				BUNDLE_LOADER = "$(TEST_HOST)";
				CODE_SIGN_IDENTITY = "-";
				CODE_SIGN_STYLE = Manual;
				GENERATE_INFOPLIST_FILE = YES;
				LD_RUNPATH_SEARCH_PATHS = (
					"$(inherited)",
					"@executable_path/../Frameworks",
					"@loader_path/../Frameworks",
				);
				PRODUCT_BUNDLE_IDENTIFIER = com.patricklenis.pveviewer.tests;
				PRODUCT_MODULE_NAME = PVEViewerTests;
				PRODUCT_NAME = PVEViewerTests;
				SWIFT_VERSION = 5.0;
				TEST_HOST = "$(BUILT_PRODUCTS_DIR)/PVE Viewer.app/Contents/MacOS/PVE Viewer";
				WRAPPER_EXTENSION = xctest;
			};
			name = Debug;
		};
		A00000000000000000000006 /* Release */ = {
			isa = XCBuildConfiguration;
			buildSettings = {
				BUNDLE_LOADER = "$(TEST_HOST)";
				CODE_SIGN_IDENTITY = "-";
				CODE_SIGN_STYLE = Manual;
				GENERATE_INFOPLIST_FILE = YES;
				LD_RUNPATH_SEARCH_PATHS = (
					"$(inherited)",
					"@executable_path/../Frameworks",
					"@loader_path/../Frameworks",
				);
				PRODUCT_BUNDLE_IDENTIFIER = com.patricklenis.pveviewer.tests;
				PRODUCT_MODULE_NAME = PVEViewerTests;
				PRODUCT_NAME = PVEViewerTests;
				SWIFT_VERSION = 5.0;
				TEST_HOST = "$(BUILT_PRODUCTS_DIR)/PVE Viewer.app/Contents/MacOS/PVE Viewer";
				WRAPPER_EXTENSION = xctest;
			};
			name = Release;
		};
/* End XCBuildConfiguration section */

/* Begin XCConfigurationList section */
		800000000000000000000001 /* Build configuration list for PBXNativeTarget "PVEViewer" */ = {
			isa = XCConfigurationList;
			buildConfigurations = (
				A00000000000000000000003 /* Debug */,
				A00000000000000000000004 /* Release */,
			);
			defaultConfigurationIsVisible = 0;
			defaultConfigurationName = Release;
		};
		800000000000000000000002 /* Build configuration list for PBXNativeTarget "PVEViewerTests" */ = {
			isa = XCConfigurationList;
			buildConfigurations = (
				A00000000000000000000005 /* Debug */,
				A00000000000000000000006 /* Release */,
			);
			defaultConfigurationIsVisible = 0;
			defaultConfigurationName = Release;
		};
		800000000000000000000003 /* Build configuration list for PBXProject "PVEViewer" */ = {
			isa = XCConfigurationList;
			buildConfigurations = (
				A00000000000000000000001 /* Debug */,
				A00000000000000000000002 /* Release */,
			);
			defaultConfigurationIsVisible = 0;
			defaultConfigurationName = Release;
		};
/* End XCConfigurationList section */
	};
	rootObject = 400000000000000000000001 /* Project object */;
}
